
Microsoft Visual Studio Solution File, Format Version 12.00
# Visual Studio Version 16
VisualStudioVersion = 16.0.31624.102
MinimumVisualStudioVersion = 10.0.40219.1
Project("{FAE04EC0-301F-11D3-BF4B-00C04F79EFBC}") = "MemoryGameWindowsFormApp", "MemoryGameWindowsFormApp\MemoryGameWindowsFormApp.csproj", "{F7460591-9485-48C7-A06F-BDBBED4800C4}"
EndProject
Global
	GlobalSection(SolutionConfigurationPlatforms) = preSolution
		Debug|Any CPU = Debug|Any CPU
		Release|Any CPU = Release|Any CPU
	EndGlobalSection
	GlobalSection(ProjectConfigurationPlatforms) = postSolution
		{F7460591-9485-48C7-A06F-BDBBED4800C4}.Debug|Any CPU.ActiveCfg = Debug|Any CPU
		{F7460591-9485-48C7-A06F-BDBBED4800C4}.Debug|Any CPU.Build.0 = Debug|Any CPU
		{F7460591-9485-48C7-A06F-BDBBED4800C4}.Release|Any CPU.ActiveCfg = Release|Any CPU
		{F7460591-9485-48C7-A06F-BDBBED4800C4}.Release|Any CPU.Build.0 = Release|Any CPU
	EndGlobalSection
	GlobalSection(SolutionProperties) = preSolution
		HideSolutionNode = FALSE
	EndGlobalSection
	GlobalSection(ExtensibilityGlobals) = postSolution
		SolutionGuid = {906F1897-C680-486C-9431-165D6739282B}
	EndGlobalSection
EndGlobal
